
Microsoft Visual Studio Solution File, Format Version 12.00
# Visual Studio Version 17
VisualStudioVersion = 17.2.32526.322
MinimumVisualStudioVersion = 10.0.40219.1
Project("{FAE04EC0-301F-11D3-BF4B-00C04F79EFBC}") = "UpcastingDowncasting", "UpcastingDowncasting\UpcastingDowncasting.csproj", "{325B04F1-457A-423B-93DA-5DC1EA4E4BDA}"
EndProject
Global
	GlobalSection(SolutionConfigurationPlatforms) = preSolution
		Debug|Any CPU = Debug|Any CPU
		Release|Any CPU = Release|Any CPU
	EndGlobalSection
	GlobalSection(ProjectConfigurationPlatforms) = postSolution
		{325B04F1-457A-423B-93DA-5DC1EA4E4BDA}.Debug|Any CPU.ActiveCfg = Debug|Any CPU
		{325B04F1-457A-423B-93DA-5DC1EA4E4BDA}.Debug|Any CPU.Build.0 = Debug|Any CPU
		{325B04F1-457A-423B-93DA-5DC1EA4E4BDA}.Release|Any CPU.ActiveCfg = Release|Any CPU
		{325B04F1-457A-423B-93DA-5DC1EA4E4BDA}.Release|Any CPU.Build.0 = Release|Any CPU
	EndGlobalSection
	GlobalSection(SolutionProperties) = preSolution
		HideSolutionNode = FALSE
	EndGlobalSection
	GlobalSection(ExtensibilityGlobals) = postSolution
		SolutionGuid = {4F6DC503-E830-47DC-9655-6F711E87A901}
	EndGlobalSection
EndGlobal
